{
  "nodes": {
    "home-manager": {
      "inputs": {
        "nixpkgs": "nixpkgs"
      },
      "locked": {
        "lastModified": 1652452047,
        "narHash": "sha256-O6DI0dMH/5rNM+z9CQ/nqRMNBpNsU7TtLSsafKLZTHY=",
        "owner": "nix-community",
        "repo": "home-manager",
        "rev": "32a7da69dc53c9eb5ad0675eb7fdc58f7fe35272",
        "type": "github"
      },
      "original": {
        "owner": "nix-community",
        "repo": "home-manager",
        "type": "github"
      }
    },
    "nixpkgs": {
      "locked": {
        "lastModified": 1652739558,
        "narHash": "sha256-znGkjGugajqF/sFS+H4+ENmGTaVPFE0uu1JjQZJLEaQ=",
        "owner": "NixOS",
        "repo": "nixpkgs",
        "rev": "ff691ed9ba21528c1b4e034f36a04027e4522c58",
        "type": "github"
      },
      "original": {
        "id": "nixpkgs",
        "type": "indirect"
      }
    },
    "nixpkgs-unstable": {
      "locked": {
        "lastModified": 1652840887,
        "narHash": "sha256-gEK4NNa4GwIgTZE63kt/4WTFAWRTJVSa30+h4ZjFh9U=",
        "owner": "nixos",
        "repo": "nixpkgs",
        "rev": "52dc75a4fee3fdbcb792cb6fba009876b912bfe0",
        "type": "github"
      },
      "original": {
        "owner": "nixos",
        "ref": "nixpkgs-unstable",
        "repo": "nixpkgs",
        "type": "github"
      }
    },
    "nixpkgs_2": {
      "locked": {
        "lastModified": 1652881001,
        "narHash": "sha256-k9JmPCojaJnqGz4aRXXT1HZqJKHCXijoMfBAb24abXk=",
        "owner": "nixos",
        "repo": "nixpkgs",
        "rev": "2d474d6a4a43a0348b78db68dc00c491032cf5cf",
        "type": "github"
      },
      "original": {
        "owner": "nixos",
        "ref": "nixos-21.11",
        "repo": "nixpkgs",
        "type": "github"
      }
    },
    "nixpkgs_3": {
      "locked": {
        "lastModified": 1651571043,
        "narHash": "sha256-3PAjKbf8ZntRvDDn/VZIKrF4qh7ltZAUmTImRAp0D9o=",
        "owner": "nixos",
        "repo": "nixpkgs",
        "rev": "d33eace057c830a5c1b43914d1e4287f7db605bb",
        "type": "github"
      },
      "original": {
        "owner": "nixos",
        "ref": "nixpkgs-unstable",
        "repo": "nixpkgs",
        "type": "github"
      }
    },
    "root": {
      "inputs": {
        "home-manager": "home-manager",
        "nixpkgs": "nixpkgs_2",
        "nixpkgs-unstable": "nixpkgs-unstable",
        "wrappers": "wrappers"
      }
    },
    "wrappers": {
      "inputs": {
        "nixpkgs": "nixpkgs_3"
      },
      "locked": {
        "lastModified": 1652857840,
        "narHash": "sha256-QsW0kl2Wzt1ecfCST1yu8wsrFVZH3b5hIlLhmG5Syzc=",
        "owner": "falkjet",
        "repo": "nix-wrapper-packages",
        "rev": "611004a5773ebf3c348bbf74016a04f59724cd0f",
        "type": "github"
      },
      "original": {
        "owner": "falkjet",
        "repo": "nix-wrapper-packages",
        "type": "github"
      }
    }
  },
  "root": "root",
  "version": 7
}
